
Microsoft Visual Studio Solution File, Format Version 12.00
Project("{2150E333-8FDC-42A3-9474-1A3956D46DE8}") = "Core", "Core", "{2BF17CBF-A5DE-4673-AC92-7649469B7FD3}"
EndProject
Project("{2150E333-8FDC-42A3-9474-1A3956D46DE8}") = "Infrastructure", "Infrastructure", "{D9D2773A-306E-4229-92E7-F9020AD08B55}"
EndProject
Project("{2150E333-8FDC-42A3-9474-1A3956D46DE8}") = "Presentation", "Presentation", "{980D9F1D-3352-4664-A0BB-A5074E6F0DD3}"
EndProject
Project("{FAE04EC0-301F-11D3-BF4B-00C04F79EFBC}") = "Domain", "src\Domain\Domain.csproj", "{92CB9AC1-55B0-4F7F-BA73-32EC86635CA8}"
EndProject
Project("{FAE04EC0-301F-11D3-BF4B-00C04F79EFBC}") = "Application", "src\Application\Application.csproj", "{1E77E20D-022E-4429-8A6C-C35BD57FB956}"
EndProject
Project("{FAE04EC0-301F-11D3-BF4B-00C04F79EFBC}") = "Persistence", "src\Persistence\Persistence.csproj", "{16911454-7471-4F84-B976-57B3A1D89D79}"
EndProject
Project("{2150E333-8FDC-42A3-9474-1A3956D46DE8}") = "src", "src", "{D8D1A582-27DD-4B2D-9CAB-F83C9977393F}"
EndProject
Project("{2150E333-8FDC-42A3-9474-1A3956D46DE8}") = "tests", "tests", "{4B404C00-7EDB-4347-8777-59315F546BBB}"
EndProject
Project("{FAE04EC0-301F-11D3-BF4B-00C04F79EFBC}") = "WebApp.Client", "src\WebApp\Client\WebApp.Client.csproj", "{C1FFC40C-39AD-4B2C-AA12-FB023869C61F}"
EndProject
Project("{FAE04EC0-301F-11D3-BF4B-00C04F79EFBC}") = "WebApp.Server", "src\WebApp\Server\WebApp.Server.csproj", "{3D31C817-08FC-4194-A0B4-A83F7548E4AD}"
EndProject
Project("{2150E333-8FDC-42A3-9474-1A3956D46DE8}") = "CoreTests", "CoreTests", "{5C24AB2F-EAEE-4359-A2FD-E634F5EF630A}"
EndProject
Project("{2150E333-8FDC-42A3-9474-1A3956D46DE8}") = "InfrastructureTests", "InfrastructureTests", "{0A803DF3-2FB9-4D64-A027-904F4752CBC5}"
EndProject
Project("{2150E333-8FDC-42A3-9474-1A3956D46DE8}") = "PresentationTests", "PresentationTests", "{2780DC5F-162E-480D-803B-245F80EEBBAA}"
EndProject
Project("{FAE04EC0-301F-11D3-BF4B-00C04F79EFBC}") = "Tests.WebApp.Server", "tests\Tests.WebApp.Server\Tests.WebApp.Server.csproj", "{A24BFE05-F313-4115-9D18-13CAA1FE24A1}"
EndProject
Global
	GlobalSection(SolutionConfigurationPlatforms) = preSolution
		Debug|Any CPU = Debug|Any CPU
		Release|Any CPU = Release|Any CPU
	EndGlobalSection
	GlobalSection(NestedProjects) = preSolution
		{92CB9AC1-55B0-4F7F-BA73-32EC86635CA8} = {2BF17CBF-A5DE-4673-AC92-7649469B7FD3}
		{1E77E20D-022E-4429-8A6C-C35BD57FB956} = {2BF17CBF-A5DE-4673-AC92-7649469B7FD3}
		{16911454-7471-4F84-B976-57B3A1D89D79} = {D9D2773A-306E-4229-92E7-F9020AD08B55}
		{2BF17CBF-A5DE-4673-AC92-7649469B7FD3} = {D8D1A582-27DD-4B2D-9CAB-F83C9977393F}
		{D9D2773A-306E-4229-92E7-F9020AD08B55} = {D8D1A582-27DD-4B2D-9CAB-F83C9977393F}
		{980D9F1D-3352-4664-A0BB-A5074E6F0DD3} = {D8D1A582-27DD-4B2D-9CAB-F83C9977393F}
		{C1FFC40C-39AD-4B2C-AA12-FB023869C61F} = {980D9F1D-3352-4664-A0BB-A5074E6F0DD3}
		{3D31C817-08FC-4194-A0B4-A83F7548E4AD} = {980D9F1D-3352-4664-A0BB-A5074E6F0DD3}
		{5C24AB2F-EAEE-4359-A2FD-E634F5EF630A} = {4B404C00-7EDB-4347-8777-59315F546BBB}
		{0A803DF3-2FB9-4D64-A027-904F4752CBC5} = {4B404C00-7EDB-4347-8777-59315F546BBB}
		{2780DC5F-162E-480D-803B-245F80EEBBAA} = {4B404C00-7EDB-4347-8777-59315F546BBB}
		{A24BFE05-F313-4115-9D18-13CAA1FE24A1} = {2780DC5F-162E-480D-803B-245F80EEBBAA}
	EndGlobalSection
	GlobalSection(ProjectConfigurationPlatforms) = postSolution
		{92CB9AC1-55B0-4F7F-BA73-32EC86635CA8}.Debug|Any CPU.ActiveCfg = Debug|Any CPU
		{92CB9AC1-55B0-4F7F-BA73-32EC86635CA8}.Debug|Any CPU.Build.0 = Debug|Any CPU
		{92CB9AC1-55B0-4F7F-BA73-32EC86635CA8}.Release|Any CPU.ActiveCfg = Release|Any CPU
		{92CB9AC1-55B0-4F7F-BA73-32EC86635CA8}.Release|Any CPU.Build.0 = Release|Any CPU
		{1E77E20D-022E-4429-8A6C-C35BD57FB956}.Debug|Any CPU.ActiveCfg = Debug|Any CPU
		{1E77E20D-022E-4429-8A6C-C35BD57FB956}.Debug|Any CPU.Build.0 = Debug|Any CPU
		{1E77E20D-022E-4429-8A6C-C35BD57FB956}.Release|Any CPU.ActiveCfg = Release|Any CPU
		{1E77E20D-022E-4429-8A6C-C35BD57FB956}.Release|Any CPU.Build.0 = Release|Any CPU
		{16911454-7471-4F84-B976-57B3A1D89D79}.Debug|Any CPU.ActiveCfg = Debug|Any CPU
		{16911454-7471-4F84-B976-57B3A1D89D79}.Debug|Any CPU.Build.0 = Debug|Any CPU
		{16911454-7471-4F84-B976-57B3A1D89D79}.Release|Any CPU.ActiveCfg = Release|Any CPU
		{16911454-7471-4F84-B976-57B3A1D89D79}.Release|Any CPU.Build.0 = Release|Any CPU
		{C1FFC40C-39AD-4B2C-AA12-FB023869C61F}.Debug|Any CPU.ActiveCfg = Debug|Any CPU
		{C1FFC40C-39AD-4B2C-AA12-FB023869C61F}.Debug|Any CPU.Build.0 = Debug|Any CPU
		{C1FFC40C-39AD-4B2C-AA12-FB023869C61F}.Release|Any CPU.ActiveCfg = Release|Any CPU
		{C1FFC40C-39AD-4B2C-AA12-FB023869C61F}.Release|Any CPU.Build.0 = Release|Any CPU
		{3D31C817-08FC-4194-A0B4-A83F7548E4AD}.Debug|Any CPU.ActiveCfg = Debug|Any CPU
		{3D31C817-08FC-4194-A0B4-A83F7548E4AD}.Debug|Any CPU.Build.0 = Debug|Any CPU
		{3D31C817-08FC-4194-A0B4-A83F7548E4AD}.Release|Any CPU.ActiveCfg = Release|Any CPU
		{3D31C817-08FC-4194-A0B4-A83F7548E4AD}.Release|Any CPU.Build.0 = Release|Any CPU
		{A24BFE05-F313-4115-9D18-13CAA1FE24A1}.Debug|Any CPU.ActiveCfg = Debug|Any CPU
		{A24BFE05-F313-4115-9D18-13CAA1FE24A1}.Debug|Any CPU.Build.0 = Debug|Any CPU
		{A24BFE05-F313-4115-9D18-13CAA1FE24A1}.Release|Any CPU.ActiveCfg = Release|Any CPU
		{A24BFE05-F313-4115-9D18-13CAA1FE24A1}.Release|Any CPU.Build.0 = Release|Any CPU
	EndGlobalSection
EndGlobal
